// !$*UTF8*$!
{
	archiveVersion = 1;
	classes = {
	};
	objectVersion = 55;
	objects = {

/* Begin PBXBuildFile section */
		0B42FB8128ACBD3F0086E7F9 /* AppDelegate.swift in Sources */ = {isa = PBXBuildFile; fileRef = 0B42FB8028ACBD3F0086E7F9 /* AppDelegate.swift */; };
		0B42FB8328ACBD3F0086E7F9 /* SceneDelegate.swift in Sources */ = {isa = PBXBuildFile; fileRef = 0B42FB8228ACBD3F0086E7F9 /* SceneDelegate.swift */; };
		0B42FB8528ACBD3F0086E7F9 /* ViewController.swift in Sources */ = {isa = PBXBuildFile; fileRef = 0B42FB8428ACBD3F0086E7F9 /* ViewController.swift */; };
		0B42FB8828ACBD3F0086E7F9 /* Main.storyboard in Resources */ = {isa = PBXBuildFile; fileRef = 0B42FB8628ACBD3F0086E7F9 /* Main.storyboard */; };
		0B42FB8A28ACBD420086E7F9 /* Assets.xcassets in Resources */ = {isa = PBXBuildFile; fileRef = 0B42FB8928ACBD420086E7F9 /* Assets.xcassets */; };
		0B42FB8D28ACBD420086E7F9 /* LaunchScreen.storyboard in Resources */ = {isa = PBXBuildFile; fileRef = 0B42FB8B28ACBD420086E7F9 /* LaunchScreen.storyboard */; };
		0B42FB9828ACBD420086E7F9 /* App_Life_Cycle_And_DelegatesTests.swift in Sources */ = {isa = PBXBuildFile; fileRef = 0B42FB9728ACBD420086E7F9 /* App_Life_Cycle_And_DelegatesTests.swift */; };
		0B42FBA228ACBD420086E7F9 /* App_Life_Cycle_And_DelegatesUITests.swift in Sources */ = {isa = PBXBuildFile; fileRef = 0B42FBA128ACBD420086E7F9 /* App_Life_Cycle_And_DelegatesUITests.swift */; };
		0B42FBA428ACBD420086E7F9 /* App_Life_Cycle_And_DelegatesUITestsLaunchTests.swift in Sources */ = {isa = PBXBuildFile; fileRef = 0B42FBA328ACBD420086E7F9 /* App_Life_Cycle_And_DelegatesUITestsLaunchTests.swift */; };
/* End PBXBuildFile section */

/* Begin PBXContainerItemProxy section */
		0B42FB9428ACBD420086E7F9 /* PBXContainerItemProxy */ = {
			isa = PBXContainerItemProxy;
			containerPortal = 0B42FB7528ACBD3F0086E7F9 /* Project object */;
			proxyType = 1;
			remoteGlobalIDString = 0B42FB7C28ACBD3F0086E7F9;
			remoteInfo = App_Life_Cycle_And_Delegates;
		};
		0B42FB9E28ACBD420086E7F9 /* PBXContainerItemProxy */ = {
			isa = PBXContainerItemProxy;
			containerPortal = 0B42FB7528ACBD3F0086E7F9 /* Project object */;
			proxyType = 1;
			remoteGlobalIDString = 0B42FB7C28ACBD3F0086E7F9;
			remoteInfo = App_Life_Cycle_And_Delegates;
		};
/* End PBXContainerItemProxy section */

/* Begin PBXFileReference section */
		0B42FB7D28ACBD3F0086E7F9 /* App_Life_Cycle_And_Delegates.app */ = {isa = PBXFileReference; explicitFileType = wrapper.application; includeInIndex = 0; path = App_Life_Cycle_And_Delegates.app; sourceTree = BUILT_PRODUCTS_DIR; };
		0B42FB8028ACBD3F0086E7F9 /* AppDelegate.swift */ = {isa = PBXFileReference; lastKnownFileType = sourcecode.swift; path = AppDelegate.swift; sourceTree = "<group>"; };
		0B42FB8228ACBD3F0086E7F9 /* SceneDelegate.swift */ = {isa = PBXFileReference; lastKnownFileType = sourcecode.swift; path = SceneDelegate.swift; sourceTree = "<group>"; };
		0B42FB8428ACBD3F0086E7F9 /* ViewController.swift */ = {isa = PBXFileReference; lastKnownFileType = sourcecode.swift; path = ViewController.swift; sourceTree = "<group>"; };
		0B42FB8728ACBD3F0086E7F9 /* Base */ = {isa = PBXFileReference; lastKnownFileType = file.storyboard; name = Base; path = Base.lproj/Main.storyboard; sourceTree = "<group>"; };
		0B42FB8928ACBD420086E7F9 /* Assets.xcassets */ = {isa = PBXFileReference; lastKnownFileType = folder.assetcatalog; path = Assets.xcassets; sourceTree = "<group>"; };
		0B42FB8C28ACBD420086E7F9 /* Base */ = {isa = PBXFileReference; lastKnownFileType = file.storyboard; name = Base; path = Base.lproj/LaunchScreen.storyboard; sourceTree = "<group>"; };
		0B42FB8E28ACBD420086E7F9 /* Info.plist */ = {isa = PBXFileReference; lastKnownFileType = text.plist.xml; path = Info.plist; sourceTree = "<group>"; };
		0B42FB9328ACBD420086E7F9 /* App_Life_Cycle_And_DelegatesTests.xctest */ = {isa = PBXFileReference; explicitFileType = wrapper.cfbundle; includeInIndex = 0; path = App_Life_Cycle_And_DelegatesTests.xctest; sourceTree = BUILT_PRODUCTS_DIR; };
		0B42FB9728ACBD420086E7F9 /* App_Life_Cycle_And_DelegatesTests.swift */ = {isa = PBXFileReference; lastKnownFileType = sourcecode.swift; path = App_Life_Cycle_And_DelegatesTests.swift; sourceTree = "<group>"; };
		0B42FB9D28ACBD420086E7F9 /* App_Life_Cycle_And_DelegatesUITests.xctest */ = {isa = PBXFileReference; explicitFileType = wrapper.cfbundle; includeInIndex = 0; path = App_Life_Cycle_And_DelegatesUITests.xctest; sourceTree = BUILT_PRODUCTS_DIR; };
		0B42FBA128ACBD420086E7F9 /* App_Life_Cycle_And_DelegatesUITests.swift */ = {isa = PBXFileReference; lastKnownFileType = sourcecode.swift; path = App_Life_Cycle_And_DelegatesUITests.swift; sourceTree = "<group>"; };
		0B42FBA328ACBD420086E7F9 /* App_Life_Cycle_And_DelegatesUITestsLaunchTests.swift */ = {isa = PBXFileReference; lastKnownFileType = sourcecode.swift; path = App_Life_Cycle_And_DelegatesUITestsLaunchTests.swift; sourceTree = "<group>"; };
/* End PBXFileReference section */

/* Begin PBXFrameworksBuildPhase section */
		0B42FB7A28ACBD3F0086E7F9 /* Frameworks */ = {
			isa = PBXFrameworksBuildPhase;
			buildActionMask = 2147483647;
			files = (
			);
			runOnlyForDeploymentPostprocessing = 0;
		};
		0B42FB9028ACBD420086E7F9 /* Frameworks */ = {
			isa = PBXFrameworksBuildPhase;
			buildActionMask = 2147483647;
			files = (
			);
			runOnlyForDeploymentPostprocessing = 0;
		};
		0B42FB9A28ACBD420086E7F9 /* Frameworks */ = {
			isa = PBXFrameworksBuildPhase;
			buildActionMask = 2147483647;
			files = (
			);
			runOnlyForDeploymentPostprocessing = 0;
		};
/* End PBXFrameworksBuildPhase section */

/* Begin PBXGroup section */
		0B42FB7428ACBD3F0086E7F9 = {
			isa = PBXGroup;
			children = (
				0B42FB7F28ACBD3F0086E7F9 /* App_Life_Cycle_And_Delegates */,
				0B42FB9628ACBD420086E7F9 /* App_Life_Cycle_And_DelegatesTests */,
				0B42FBA028ACBD420086E7F9 /* App_Life_Cycle_And_DelegatesUITests */,
				0B42FB7E28ACBD3F0086E7F9 /* Products */,
			);
			sourceTree = "<group>";
		};
		0B42FB7E28ACBD3F0086E7F9 /* Products */ = {
			isa = PBXGroup;
			children = (
				0B42FB7D28ACBD3F0086E7F9 /* App_Life_Cycle_And_Delegates.app */,
				0B42FB9328ACBD420086E7F9 /* App_Life_Cycle_And_DelegatesTests.xctest */,
				0B42FB9D28ACBD420086E7F9 /* App_Life_Cycle_And_DelegatesUITests.xctest */,
			);
			name = Products;
			sourceTree = "<group>";
		};
		0B42FB7F28ACBD3F0086E7F9 /* App_Life_Cycle_And_Delegates */ = {
			isa = PBXGroup;
			children = (
				0B42FB8028ACBD3F0086E7F9 /* AppDelegate.swift */,
				0B42FB8228ACBD3F0086E7F9 /* SceneDelegate.swift */,
				0B42FB8428ACBD3F0086E7F9 /* ViewController.swift */,
				0B42FB8628ACBD3F0086E7F9 /* Main.storyboard */,
				0B42FB8928ACBD420086E7F9 /* Assets.xcassets */,
				0B42FB8B28ACBD420086E7F9 /* LaunchScreen.storyboard */,
				0B42FB8E28ACBD420086E7F9 /* Info.plist */,
			);
			path = App_Life_Cycle_And_Delegates;
			sourceTree = "<group>";
		};
		0B42FB9628ACBD420086E7F9 /* App_Life_Cycle_And_DelegatesTests */ = {
			isa = PBXGroup;
			children = (
				0B42FB9728ACBD420086E7F9 /* App_Life_Cycle_And_DelegatesTests.swift */,
			);
			path = App_Life_Cycle_And_DelegatesTests;
			sourceTree = "<group>";
		};
		0B42FBA028ACBD420086E7F9 /* App_Life_Cycle_And_DelegatesUITests */ = {
			isa = PBXGroup;
			children = (
				0B42FBA128ACBD420086E7F9 /* App_Life_Cycle_And_DelegatesUITests.swift */,
				0B42FBA328ACBD420086E7F9 /* App_Life_Cycle_And_DelegatesUITestsLaunchTests.swift */,
			);
			path = App_Life_Cycle_And_DelegatesUITests;
			sourceTree = "<group>";
		};
/* End PBXGroup section */

/* Begin PBXNativeTarget section */
		0B42FB7C28ACBD3F0086E7F9 /* App_Life_Cycle_And_Delegates */ = {
			isa = PBXNativeTarget;
			buildConfigurationList = 0B42FBA728ACBD420086E7F9 /* Build configuration list for PBXNativeTarget "App_Life_Cycle_And_Delegates" */;
			buildPhases = (
				0B42FB7928ACBD3F0086E7F9 /* Sources */,
				0B42FB7A28ACBD3F0086E7F9 /* Frameworks */,
				0B42FB7B28ACBD3F0086E7F9 /* Resources */,
			);
			buildRules = (
			);
			dependencies = (
			);
			name = App_Life_Cycle_And_Delegates;
			productName = App_Life_Cycle_And_Delegates;
			productReference = 0B42FB7D28ACBD3F0086E7F9 /* App_Life_Cycle_And_Delegates.app */;
			productType = "com.apple.product-type.application";
		};
		0B42FB9228ACBD420086E7F9 /* App_Life_Cycle_And_DelegatesTests */ = {
			isa = PBXNativeTarget;
			buildConfigurationList = 0B42FBAA28ACBD420086E7F9 /* Build configuration list for PBXNativeTarget "App_Life_Cycle_And_DelegatesTests" */;
			buildPhases = (
				0B42FB8F28ACBD420086E7F9 /* Sources */,
				0B42FB9028ACBD420086E7F9 /* Frameworks */,
				0B42FB9128ACBD420086E7F9 /* Resources */,
			);
			buildRules = (
			);
			dependencies = (
				0B42FB9528ACBD420086E7F9 /* PBXTargetDependency */,
			);
			name = App_Life_Cycle_And_DelegatesTests;
			productName = App_Life_Cycle_And_DelegatesTests;
			productReference = 0B42FB9328ACBD420086E7F9 /* App_Life_Cycle_And_DelegatesTests.xctest */;
			productType = "com.apple.product-type.bundle.unit-test";
		};
		0B42FB9C28ACBD420086E7F9 /* App_Life_Cycle_And_DelegatesUITests */ = {
			isa = PBXNativeTarget;
			buildConfigurationList = 0B42FBAD28ACBD420086E7F9 /* Build configuration list for PBXNativeTarget "App_Life_Cycle_And_DelegatesUITests" */;
			buildPhases = (
				0B42FB9928ACBD420086E7F9 /* Sources */,
				0B42FB9A28ACBD420086E7F9 /* Frameworks */,
				0B42FB9B28ACBD420086E7F9 /* Resources */,
			);
			buildRules = (
			);
			dependencies = (
				0B42FB9F28ACBD420086E7F9 /* PBXTargetDependency */,
			);
			name = App_Life_Cycle_And_DelegatesUITests;
			productName = App_Life_Cycle_And_DelegatesUITests;
			productReference = 0B42FB9D28ACBD420086E7F9 /* App_Life_Cycle_And_DelegatesUITests.xctest */;
			productType = "com.apple.product-type.bundle.ui-testing";
		};
/* End PBXNativeTarget section */

/* Begin PBXProject section */
		0B42FB7528ACBD3F0086E7F9 /* Project object */ = {
			isa = PBXProject;
			attributes = {
				BuildIndependentTargetsInParallel = 1;
				LastSwiftUpdateCheck = 1340;
				LastUpgradeCheck = 1340;
				TargetAttributes = {
					0B42FB7C28ACBD3F0086E7F9 = {
						CreatedOnToolsVersion = 13.4.1;
					};
					0B42FB9228ACBD420086E7F9 = {
						CreatedOnToolsVersion = 13.4.1;
						TestTargetID = 0B42FB7C28ACBD3F0086E7F9;
					};
					0B42FB9C28ACBD420086E7F9 = {
						CreatedOnToolsVersion = 13.4.1;
						TestTargetID = 0B42FB7C28ACBD3F0086E7F9;
					};
				};
			};
			buildConfigurationList = 0B42FB7828ACBD3F0086E7F9 /* Build configuration list for PBXProject "App_Life_Cycle_And_Delegates" */;
			compatibilityVersion = "Xcode 13.0";
			developmentRegion = en;
			hasScannedForEncodings = 0;
			knownRegions = (
				en,
				Base,
			);
			mainGroup = 0B42FB7428ACBD3F0086E7F9;
			productRefGroup = 0B42FB7E28ACBD3F0086E7F9 /* Products */;
			projectDirPath = "";
			projectRoot = "";
			targets = (
				0B42FB7C28ACBD3F0086E7F9 /* App_Life_Cycle_And_Delegates */,
				0B42FB9228ACBD420086E7F9 /* App_Life_Cycle_And_DelegatesTests */,
				0B42FB9C28ACBD420086E7F9 /* App_Life_Cycle_And_DelegatesUITests */,
			);
		};
/* End PBXProject section */

/* Begin PBXResourcesBuildPhase section */
		0B42FB7B28ACBD3F0086E7F9 /* Resources */ = {
			isa = PBXResourcesBuildPhase;
			buildActionMask = 2147483647;
			files = (
				0B42FB8D28ACBD420086E7F9 /* LaunchScreen.storyboard in Resources */,
				0B42FB8A28ACBD420086E7F9 /* Assets.xcassets in Resources */,
				0B42FB8828ACBD3F0086E7F9 /* Main.storyboard in Resources */,
			);
			runOnlyForDeploymentPostprocessing = 0;
		};
		0B42FB9128ACBD420086E7F9 /* Resources */ = {
			isa = PBXResourcesBuildPhase;
			buildActionMask = 2147483647;
			files = (
			);
			runOnlyForDeploymentPostprocessing = 0;
		};
		0B42FB9B28ACBD420086E7F9 /* Resources */ = {
			isa = PBXResourcesBuildPhase;
			buildActionMask = 2147483647;
			files = (
			);
			runOnlyForDeploymentPostprocessing = 0;
		};
/* End PBXResourcesBuildPhase section */

/* Begin PBXSourcesBuildPhase section */
		0B42FB7928ACBD3F0086E7F9 /* Sources */ = {
			isa = PBXSourcesBuildPhase;
			buildActionMask = 2147483647;
			files = (
				0B42FB8528ACBD3F0086E7F9 /* ViewController.swift in Sources */,
				0B42FB8128ACBD3F0086E7F9 /* AppDelegate.swift in Sources */,
				0B42FB8328ACBD3F0086E7F9 /* SceneDelegate.swift in Sources */,
			);
			runOnlyForDeploymentPostprocessing = 0;
		};
		0B42FB8F28ACBD420086E7F9 /* Sources */ = {
			isa = PBXSourcesBuildPhase;
			buildActionMask = 2147483647;
			files = (
				0B42FB9828ACBD420086E7F9 /* App_Life_Cycle_And_DelegatesTests.swift in Sources */,
			);
			runOnlyForDeploymentPostprocessing = 0;
		};
		0B42FB9928ACBD420086E7F9 /* Sources */ = {
			isa = PBXSourcesBuildPhase;
			buildActionMask = 2147483647;
			files = (
				0B42FBA428ACBD420086E7F9 /* App_Life_Cycle_And_DelegatesUITestsLaunchTests.swift in Sources */,
				0B42FBA228ACBD420086E7F9 /* App_Life_Cycle_And_DelegatesUITests.swift in Sources */,
			);
			runOnlyForDeploymentPostprocessing = 0;
		};
/* End PBXSourcesBuildPhase section */

/* Begin PBXTargetDependency section */
		0B42FB9528ACBD420086E7F9 /* PBXTargetDependency */ = {
			isa = PBXTargetDependency;
			target = 0B42FB7C28ACBD3F0086E7F9 /* App_Life_Cycle_And_Delegates */;
			targetProxy = 0B42FB9428ACBD420086E7F9 /* PBXContainerItemProxy */;
		};
		0B42FB9F28ACBD420086E7F9 /* PBXTargetDependency */ = {
			isa = PBXTargetDependency;
			target = 0B42FB7C28ACBD3F0086E7F9 /* App_Life_Cycle_And_Delegates */;
			targetProxy = 0B42FB9E28ACBD420086E7F9 /* PBXContainerItemProxy */;
		};
/* End PBXTargetDependency section */

/* Begin PBXVariantGroup section */
		0B42FB8628ACBD3F0086E7F9 /* Main.storyboard */ = {
			isa = PBXVariantGroup;
			children = (
				0B42FB8728ACBD3F0086E7F9 /* Base */,
			);
			name = Main.storyboard;
			sourceTree = "<group>";
		};
		0B42FB8B28ACBD420086E7F9 /* LaunchScreen.storyboard */ = {
			isa = PBXVariantGroup;
			children = (
				0B42FB8C28ACBD420086E7F9 /* Base */,
			);
			name = LaunchScreen.storyboard;
			sourceTree = "<group>";
		};
/* End PBXVariantGroup section */

/* Begin XCBuildConfiguration section */
		0B42FBA528ACBD420086E7F9 /* Debug */ = {
			isa = XCBuildConfiguration;
			buildSettings = {
				ALWAYS_SEARCH_USER_PATHS = NO;
				CLANG_ANALYZER_NONNULL = YES;
				CLANG_ANALYZER_NUMBER_OBJECT_CONVERSION = YES_AGGRESSIVE;
				CLANG_CXX_LANGUAGE_STANDARD = "gnu++17";
				CLANG_ENABLE_MODULES = YES;
				CLANG_ENABLE_OBJC_ARC = YES;
				CLANG_ENABLE_OBJC_WEAK = YES;
				CLANG_WARN_BLOCK_CAPTURE_AUTORELEASING = YES;
				CLANG_WARN_BOOL_CONVERSION = YES;
				CLANG_WARN_COMMA = YES;
				CLANG_WARN_CONSTANT_CONVERSION = YES;
				CLANG_WARN_DEPRECATED_OBJC_IMPLEMENTATIONS = YES;
				CLANG_WARN_DIRECT_OBJC_ISA_USAGE = YES_ERROR;
				CLANG_WARN_DOCUMENTATION_COMMENTS = YES;
				CLANG_WARN_EMPTY_BODY = YES;
				CLANG_WARN_ENUM_CONVERSION = YES;
				CLANG_WARN_INFINITE_RECURSION = YES;
				CLANG_WARN_INT_CONVERSION = YES;
				CLANG_WARN_NON_LITERAL_NULL_CONVERSION = YES;
				CLANG_WARN_OBJC_IMPLICIT_RETAIN_SELF = YES;
				CLANG_WARN_OBJC_LITERAL_CONVERSION = YES;
				CLANG_WARN_OBJC_ROOT_CLASS = YES_ERROR;
				CLANG_WARN_QUOTED_INCLUDE_IN_FRAMEWORK_HEADER = YES;
				CLANG_WARN_RANGE_LOOP_ANALYSIS = YES;
				CLANG_WARN_STRICT_PROTOTYPES = YES;
				CLANG_WARN_SUSPICIOUS_MOVE = YES;
				CLANG_WARN_UNGUARDED_AVAILABILITY = YES_AGGRESSIVE;
				CLANG_WARN_UNREACHABLE_CODE = YES;
				CLANG_WARN__DUPLICATE_METHOD_MATCH = YES;
				COPY_PHASE_STRIP = NO;
				DEBUG_INFORMATION_FORMAT = dwarf;
				ENABLE_STRICT_OBJC_MSGSEND = YES;
				ENABLE_TESTABILITY = YES;
				GCC_C_LANGUAGE_STANDARD = gnu11;
				GCC_DYNAMIC_NO_PIC = NO;
				GCC_NO_COMMON_BLOCKS = YES;
				GCC_OPTIMIZATION_LEVEL = 0;
				GCC_PREPROCESSOR_DEFINITIONS = (
					"DEBUG=1",
					"$(inherited)",
				);
				GCC_WARN_64_TO_32_BIT_CONVERSION = YES;
				GCC_WARN_ABOUT_RETURN_TYPE = YES_ERROR;
				GCC_WARN_UNDECLARED_SELECTOR = YES;
				GCC_WARN_UNINITIALIZED_AUTOS = YES_AGGRESSIVE;
				GCC_WARN_UNUSED_FUNCTION = YES;
				GCC_WARN_UNUSED_VARIABLE = YES;
				IPHONEOS_DEPLOYMENT_TARGET = 15.5;
				MTL_ENABLE_DEBUG_INFO = INCLUDE_SOURCE;
				MTL_FAST_MATH = YES;
				ONLY_ACTIVE_ARCH = YES;
				SDKROOT = iphoneos;
				SWIFT_ACTIVE_COMPILATION_CONDITIONS = DEBUG;
				SWIFT_OPTIMIZATION_LEVEL = "-Onone";
			};
			name = Debug;
		};
		0B42FBA628ACBD420086E7F9 /* Release */ = {
			isa = XCBuildConfiguration;
			buildSettings = {
				ALWAYS_SEARCH_USER_PATHS = NO;
				CLANG_ANALYZER_NONNULL = YES;
				CLANG_ANALYZER_NUMBER_OBJECT_CONVERSION = YES_AGGRESSIVE;
				CLANG_CXX_LANGUAGE_STANDARD = "gnu++17";
				CLANG_ENABLE_MODULES = YES;
				CLANG_ENABLE_OBJC_ARC = YES;
				CLANG_ENABLE_OBJC_WEAK = YES;
				CLANG_WARN_BLOCK_CAPTURE_AUTORELEASING = YES;
				CLANG_WARN_BOOL_CONVERSION = YES;
				CLANG_WARN_COMMA = YES;
				CLANG_WARN_CONSTANT_CONVERSION = YES;
				CLANG_WARN_DEPRECATED_OBJC_IMPLEMENTATIONS = YES;
				CLANG_WARN_DIRECT_OBJC_ISA_USAGE = YES_ERROR;
				CLANG_WARN_DOCUMENTATION_COMMENTS = YES;
				CLANG_WARN_EMPTY_BODY = YES;
				CLANG_WARN_ENUM_CONVERSION = YES;
				CLANG_WARN_INFINITE_RECURSION = YES;
				CLANG_WARN_INT_CONVERSION = YES;
				CLANG_WARN_NON_LITERAL_NULL_CONVERSION = YES;
				CLANG_WARN_OBJC_IMPLICIT_RETAIN_SELF = YES;
				CLANG_WARN_OBJC_LITERAL_CONVERSION = YES;
				CLANG_WARN_OBJC_ROOT_CLASS = YES_ERROR;
				CLANG_WARN_QUOTED_INCLUDE_IN_FRAMEWORK_HEADER = YES;
				CLANG_WARN_RANGE_LOOP_ANALYSIS = YES;
				CLANG_WARN_STRICT_PROTOTYPES = YES;
				CLANG_WARN_SUSPICIOUS_MOVE = YES;
				CLANG_WARN_UNGUARDED_AVAILABILITY = YES_AGGRESSIVE;
				CLANG_WARN_UNREACHABLE_CODE = YES;
				CLANG_WARN__DUPLICATE_METHOD_MATCH = YES;
				COPY_PHASE_STRIP = NO;
				DEBUG_INFORMATION_FORMAT = "dwarf-with-dsym";
				ENABLE_NS_ASSERTIONS = NO;
				ENABLE_STRICT_OBJC_MSGSEND = YES;
				GCC_C_LANGUAGE_STANDARD = gnu11;
				GCC_NO_COMMON_BLOCKS = YES;
				GCC_WARN_64_TO_32_BIT_CONVERSION = YES;
				GCC_WARN_ABOUT_RETURN_TYPE = YES_ERROR;
				GCC_WARN_UNDECLARED_SELECTOR = YES;
				GCC_WARN_UNINITIALIZED_AUTOS = YES_AGGRESSIVE;
				GCC_WARN_UNUSED_FUNCTION = YES;
				GCC_WARN_UNUSED_VARIABLE = YES;
				IPHONEOS_DEPLOYMENT_TARGET = 15.5;
				MTL_ENABLE_DEBUG_INFO = NO;
				MTL_FAST_MATH = YES;
				SDKROOT = iphoneos;
				SWIFT_COMPILATION_MODE = wholemodule;
				SWIFT_OPTIMIZATION_LEVEL = "-O";
				VALIDATE_PRODUCT = YES;
			};
			name = Release;
		};
		0B42FBA828ACBD420086E7F9 /* Debug */ = {
			isa = XCBuildConfiguration;
			buildSettings = {
				ASSETCATALOG_COMPILER_APPICON_NAME = AppIcon;
				ASSETCATALOG_COMPILER_GLOBAL_ACCENT_COLOR_NAME = AccentColor;
				CODE_SIGN_STYLE = Automatic;
				CURRENT_PROJECT_VERSION = 1;
				GENERATE_INFOPLIST_FILE = YES;
				INFOPLIST_FILE = App_Life_Cycle_And_Delegates/Info.plist;
				INFOPLIST_KEY_UIApplicationSupportsIndirectInputEvents = YES;
				INFOPLIST_KEY_UILaunchStoryboardName = LaunchScreen;
				INFOPLIST_KEY_UIMainStoryboardFile = Main;
				INFOPLIST_KEY_UISupportedInterfaceOrientations_iPad = "UIInterfaceOrientationPortrait UIInterfaceOrientationPortraitUpsideDown UIInterfaceOrientationLandscapeLeft UIInterfaceOrientationLandscapeRight";
				INFOPLIST_KEY_UISupportedInterfaceOrientations_iPhone = "UIInterfaceOrientationPortrait UIInterfaceOrientationLandscapeLeft UIInterfaceOrientationLandscapeRight";
				LD_RUNPATH_SEARCH_PATHS = (
					"$(inherited)",
					"@executable_path/Frameworks",
				);
				MARKETING_VERSION = 1.0;
				PRODUCT_BUNDLE_IDENTIFIER = "com.tanmayd.App-Life-Cycle-And-Delegates";
				PRODUCT_NAME = "$(TARGET_NAME)";
				SWIFT_EMIT_LOC_STRINGS = YES;
				SWIFT_VERSION = 5.0;
				TARGETED_DEVICE_FAMILY = "1,2";
			};
			name = Debug;
		};
		0B42FBA928ACBD420086E7F9 /* Release */ = {
			isa = XCBuildConfiguration;
			buildSettings = {
				ASSETCATALOG_COMPILER_APPICON_NAME = AppIcon;
				ASSETCATALOG_COMPILER_GLOBAL_ACCENT_COLOR_NAME = AccentColor;
				CODE_SIGN_STYLE = Automatic;
				CURRENT_PROJECT_VERSION = 1;
				GENERATE_INFOPLIST_FILE = YES;
				INFOPLIST_FILE = App_Life_Cycle_And_Delegates/Info.plist;
				INFOPLIST_KEY_UIApplicationSupportsIndirectInputEvents = YES;
				INFOPLIST_KEY_UILaunchStoryboardName = LaunchScreen;
				INFOPLIST_KEY_UIMainStoryboardFile = Main;
				INFOPLIST_KEY_UISupportedInterfaceOrientations_iPad = "UIInterfaceOrientationPortrait UIInterfaceOrientationPortraitUpsideDown UIInterfaceOrientationLandscapeLeft UIInterfaceOrientationLandscapeRight";
				INFOPLIST_KEY_UISupportedInterfaceOrientations_iPhone = "UIInterfaceOrientationPortrait UIInterfaceOrientationLandscapeLeft UIInterfaceOrientationLandscapeRight";
				LD_RUNPATH_SEARCH_PATHS = (
					"$(inherited)",
					"@executable_path/Frameworks",
				);
				MARKETING_VERSION = 1.0;
				PRODUCT_BUNDLE_IDENTIFIER = "com.tanmayd.App-Life-Cycle-And-Delegates";
				PRODUCT_NAME = "$(TARGET_NAME)";
				SWIFT_EMIT_LOC_STRINGS = YES;
				SWIFT_VERSION = 5.0;
				TARGETED_DEVICE_FAMILY = "1,2";
			};
			name = Release;
		};
		0B42FBAB28ACBD420086E7F9 /* Debug */ = {
			isa = XCBuildConfiguration;
			buildSettings = {
				ALWAYS_EMBED_SWIFT_STANDARD_LIBRARIES = YES;
				BUNDLE_LOADER = "$(TEST_HOST)";
				CODE_SIGN_STYLE = Automatic;
				CURRENT_PROJECT_VERSION = 1;
				GENERATE_INFOPLIST_FILE = YES;
				IPHONEOS_DEPLOYMENT_TARGET = 15.5;
				MARKETING_VERSION = 1.0;
				PRODUCT_BUNDLE_IDENTIFIER = "com.tanmayd.App-Life-Cycle-And-DelegatesTests";
				PRODUCT_NAME = "$(TARGET_NAME)";
				SWIFT_EMIT_LOC_STRINGS = NO;
				SWIFT_VERSION = 5.0;
				TARGETED_DEVICE_FAMILY = "1,2";
				TEST_HOST = "$(BUILT_PRODUCTS_DIR)/App_Life_Cycle_And_Delegates.app/App_Life_Cycle_And_Delegates";
			};
			name = Debug;
		};
		0B42FBAC28ACBD420086E7F9 /* Release */ = {
			isa = XCBuildConfiguration;
			buildSettings = {
				ALWAYS_EMBED_SWIFT_STANDARD_LIBRARIES = YES;
				BUNDLE_LOADER = "$(TEST_HOST)";
				CODE_SIGN_STYLE = Automatic;
				CURRENT_PROJECT_VERSION = 1;
				GENERATE_INFOPLIST_FILE = YES;
				IPHONEOS_DEPLOYMENT_TARGET = 15.5;
				MARKETING_VERSION = 1.0;
				PRODUCT_BUNDLE_IDENTIFIER = "com.tanmayd.App-Life-Cycle-And-DelegatesTests";
				PRODUCT_NAME = "$(TARGET_NAME)";
				SWIFT_EMIT_LOC_STRINGS = NO;
				SWIFT_VERSION = 5.0;
				TARGETED_DEVICE_FAMILY = "1,2";
				TEST_HOST = "$(BUILT_PRODUCTS_DIR)/App_Life_Cycle_And_Delegates.app/App_Life_Cycle_And_Delegates";
			};
			name = Release;
		};
		0B42FBAE28ACBD420086E7F9 /* Debug */ = {
			isa = XCBuildConfiguration;
			buildSettings = {
				ALWAYS_EMBED_SWIFT_STANDARD_LIBRARIES = YES;
				CODE_SIGN_STYLE = Automatic;
				CURRENT_PROJECT_VERSION = 1;
				GENERATE_INFOPLIST_FILE = YES;
				MARKETING_VERSION = 1.0;
				PRODUCT_BUNDLE_IDENTIFIER = "com.tanmayd.App-Life-Cycle-And-DelegatesUITests";
				PRODUCT_NAME = "$(TARGET_NAME)";
				SWIFT_EMIT_LOC_STRINGS = NO;
				SWIFT_VERSION = 5.0;
				TARGETED_DEVICE_FAMILY = "1,2";
				TEST_TARGET_NAME = App_Life_Cycle_And_Delegates;
			};
			name = Debug;
		};
		0B42FBAF28ACBD420086E7F9 /* Release */ = {
			isa = XCBuildConfiguration;
			buildSettings = {
				ALWAYS_EMBED_SWIFT_STANDARD_LIBRARIES = YES;
				CODE_SIGN_STYLE = Automatic;
				CURRENT_PROJECT_VERSION = 1;
				GENERATE_INFOPLIST_FILE = YES;
				MARKETING_VERSION = 1.0;
				PRODUCT_BUNDLE_IDENTIFIER = "com.tanmayd.App-Life-Cycle-And-DelegatesUITests";
				PRODUCT_NAME = "$(TARGET_NAME)";
				SWIFT_EMIT_LOC_STRINGS = NO;
				SWIFT_VERSION = 5.0;
				TARGETED_DEVICE_FAMILY = "1,2";
				TEST_TARGET_NAME = App_Life_Cycle_And_Delegates;
			};
			name = Release;
		};
/* End XCBuildConfiguration section */

/* Begin XCConfigurationList section */
		0B42FB7828ACBD3F0086E7F9 /* Build configuration list for PBXProject "App_Life_Cycle_And_Delegates" */ = {
			isa = XCConfigurationList;
			buildConfigurations = (
				0B42FBA528ACBD420086E7F9 /* Debug */,
				0B42FBA628ACBD420086E7F9 /* Release */,
			);
			defaultConfigurationIsVisible = 0;
			defaultConfigurationName = Release;
		};
		0B42FBA728ACBD420086E7F9 /* Build configuration list for PBXNativeTarget "App_Life_Cycle_And_Delegates" */ = {
			isa = XCConfigurationList;
			buildConfigurations = (
				0B42FBA828ACBD420086E7F9 /* Debug */,
				0B42FBA928ACBD420086E7F9 /* Release */,
			);
			defaultConfigurationIsVisible = 0;
			defaultConfigurationName = Release;
		};
		0B42FBAA28ACBD420086E7F9 /* Build configuration list for PBXNativeTarget "App_Life_Cycle_And_DelegatesTests" */ = {
			isa = XCConfigurationList;
			buildConfigurations = (
				0B42FBAB28ACBD420086E7F9 /* Debug */,
				0B42FBAC28ACBD420086E7F9 /* Release */,
			);
			defaultConfigurationIsVisible = 0;
			defaultConfigurationName = Release;
		};
		0B42FBAD28ACBD420086E7F9 /* Build configuration list for PBXNativeTarget "App_Life_Cycle_And_DelegatesUITests" */ = {
			isa = XCConfigurationList;
			buildConfigurations = (
				0B42FBAE28ACBD420086E7F9 /* Debug */,
				0B42FBAF28ACBD420086E7F9 /* Release */,
			);
			defaultConfigurationIsVisible = 0;
			defaultConfigurationName = Release;
		};
/* End XCConfigurationList section */
	};
	rootObject = 0B42FB7528ACBD3F0086E7F9 /* Project object */;
}
